
Microsoft Visual Studio Solution File, Format Version 12.00
# Visual Studio Version 18
VisualStudioVersion = 18.6.11822.322 stable
MinimumVisualStudioVersion = 10.0.40219.1
Project("{2150E333-8FDC-42A3-9474-1A3956D46DE8}") = "Src", "Src", "{02EA681E-C7D8-13C7-8484-4AC65E1B71E8}"
EndProject
Project("{2150E333-8FDC-42A3-9474-1A3956D46DE8}") = "Apis", "Apis", "{8DC1321D-0DB2-4119-8A70-0F45164CA605}"
EndProject
Project("{2150E333-8FDC-42A3-9474-1A3956D46DE8}") = "Core", "Core", "{0FD34767-C342-4E1F-96C1-65B76B333123}"
EndProject
Project("{2150E333-8FDC-42A3-9474-1A3956D46DE8}") = "Infrastructure", "Infrastructure", "{D4CD11EE-E447-4007-9391-7C44B81C18A1}"
EndProject
Project("{2150E333-8FDC-42A3-9474-1A3956D46DE8}") = "Shared", "Shared", "{0D02E1BA-D8C2-4C7D-B34F-0433E045CEA7}"
EndProject
Project("{FAE04EC0-301F-11D3-BF4B-00C04F79EFBC}") = "Planura.Apis", "Planura.Apis\Planura.Apis.csproj", "{C60C4CA3-3480-47BD-9371-A4D1E780BC69}"
EndProject
Project("{FAE04EC0-301F-11D3-BF4B-00C04F79EFBC}") = "Planura.Apis.Controller", "Planura.Apis.Controller\Planura.Apis.Controller.csproj", "{24FDEC79-4A45-4823-885D-60A66AA351EA}"
EndProject
Project("{FAE04EC0-301F-11D3-BF4B-00C04F79EFBC}") = "Planura.Core.Application", "Planura.Core.Application\Planura.Core.Application.csproj", "{B6A83B7E-201A-415F-AF67-18BE9254B5F6}"
EndProject
Project("{FAE04EC0-301F-11D3-BF4B-00C04F79EFBC}") = "Planura.Core.Application.Abstraction", "Planura.Core.Application.Abstraction\Planura.Core.Application.Abstraction.csproj", "{A15AA921-B517-49A9-A254-2C12AEC4322C}"
EndProject
Project("{FAE04EC0-301F-11D3-BF4B-00C04F79EFBC}") = "Planura.Core.Domain", "Planura.Core.Domain\Planura.Core.Domain.csproj", "{6B252AF4-0C62-4847-A7C7-88585D44B751}"
EndProject
Project("{FAE04EC0-301F-11D3-BF4B-00C04F79EFBC}") = "Planura.Infrastructure", "Planura.Infrastructure\Planura.Infrastructure.csproj", "{439E41A3-B219-41D2-8AE3-6EBCB833F695}"
EndProject
Project("{FAE04EC0-301F-11D3-BF4B-00C04F79EFBC}") = "Planura.Infrastructure.Persistence", "Planura.Infrastructure.Persistence\Planura.Infrastructure.Persistence.csproj", "{0054839C-DF83-44A2-B647-157DC15EEE03}"
EndProject
Project("{FAE04EC0-301F-11D3-BF4B-00C04F79EFBC}") = "Planura.Shared", "Planura.Shared\Planura.Shared.csproj", "{D79DFC36-342C-47A2-B49B-333AE1C6B272}"
EndProject
Global
	GlobalSection(SolutionConfigurationPlatforms) = preSolution
		Debug|Any CPU = Debug|Any CPU
		Release|Any CPU = Release|Any CPU
	EndGlobalSection
	GlobalSection(ProjectConfigurationPlatforms) = postSolution
		{C60C4CA3-3480-47BD-9371-A4D1E780BC69}.Debug|Any CPU.ActiveCfg = Debug|Any CPU
		{C60C4CA3-3480-47BD-9371-A4D1E780BC69}.Debug|Any CPU.Build.0 = Debug|Any CPU
		{C60C4CA3-3480-47BD-9371-A4D1E780BC69}.Release|Any CPU.ActiveCfg = Release|Any CPU
		{C60C4CA3-3480-47BD-9371-A4D1E780BC69}.Release|Any CPU.Build.0 = Release|Any CPU
		{24FDEC79-4A45-4823-885D-60A66AA351EA}.Debug|Any CPU.ActiveCfg = Debug|Any CPU
		{24FDEC79-4A45-4823-885D-60A66AA351EA}.Debug|Any CPU.Build.0 = Debug|Any CPU
		{24FDEC79-4A45-4823-885D-60A66AA351EA}.Release|Any CPU.ActiveCfg = Release|Any CPU
		{24FDEC79-4A45-4823-885D-60A66AA351EA}.Release|Any CPU.Build.0 = Release|Any CPU
		{B6A83B7E-201A-415F-AF67-18BE9254B5F6}.Debug|Any CPU.ActiveCfg = Debug|Any CPU
		{B6A83B7E-201A-415F-AF67-18BE9254B5F6}.Debug|Any CPU.Build.0 = Debug|Any CPU
		{B6A83B7E-201A-415F-AF67-18BE9254B5F6}.Release|Any CPU.ActiveCfg = Release|Any CPU
		{B6A83B7E-201A-415F-AF67-18BE9254B5F6}.Release|Any CPU.Build.0 = Release|Any CPU
		{A15AA921-B517-49A9-A254-2C12AEC4322C}.Debug|Any CPU.ActiveCfg = Debug|Any CPU
		{A15AA921-B517-49A9-A254-2C12AEC4322C}.Debug|Any CPU.Build.0 = Debug|Any CPU
		{A15AA921-B517-49A9-A254-2C12AEC4322C}.Release|Any CPU.ActiveCfg = Release|Any CPU
		{A15AA921-B517-49A9-A254-2C12AEC4322C}.Release|Any CPU.Build.0 = Release|Any CPU
		{6B252AF4-0C62-4847-A7C7-88585D44B751}.Debug|Any CPU.ActiveCfg = Debug|Any CPU
		{6B252AF4-0C62-4847-A7C7-88585D44B751}.Debug|Any CPU.Build.0 = Debug|Any CPU
		{6B252AF4-0C62-4847-A7C7-88585D44B751}.Release|Any CPU.ActiveCfg = Release|Any CPU
		{6B252AF4-0C62-4847-A7C7-88585D44B751}.Release|Any CPU.Build.0 = Release|Any CPU
		{439E41A3-B219-41D2-8AE3-6EBCB833F695}.Debug|Any CPU.ActiveCfg = Debug|Any CPU
		{439E41A3-B219-41D2-8AE3-6EBCB833F695}.Debug|Any CPU.Build.0 = Debug|Any CPU
		{439E41A3-B219-41D2-8AE3-6EBCB833F695}.Release|Any CPU.ActiveCfg = Release|Any CPU
		{439E41A3-B219-41D2-8AE3-6EBCB833F695}.Release|Any CPU.Build.0 = Release|Any CPU
		{0054839C-DF83-44A2-B647-157DC15EEE03}.Debug|Any CPU.ActiveCfg = Debug|Any CPU
		{0054839C-DF83-44A2-B647-157DC15EEE03}.Debug|Any CPU.Build.0 = Debug|Any CPU
		{0054839C-DF83-44A2-B647-157DC15EEE03}.Release|Any CPU.ActiveCfg = Release|Any CPU
		{0054839C-DF83-44A2-B647-157DC15EEE03}.Release|Any CPU.Build.0 = Release|Any CPU
		{D79DFC36-342C-47A2-B49B-333AE1C6B272}.Debug|Any CPU.ActiveCfg = Debug|Any CPU
		{D79DFC36-342C-47A2-B49B-333AE1C6B272}.Debug|Any CPU.Build.0 = Debug|Any CPU
		{D79DFC36-342C-47A2-B49B-333AE1C6B272}.Release|Any CPU.ActiveCfg = Release|Any CPU
		{D79DFC36-342C-47A2-B49B-333AE1C6B272}.Release|Any CPU.Build.0 = Release|Any CPU
	EndGlobalSection
	GlobalSection(SolutionProperties) = preSolution
		HideSolutionNode = FALSE
	EndGlobalSection
	GlobalSection(NestedProjects) = preSolution
		{8DC1321D-0DB2-4119-8A70-0F45164CA605} = {02EA681E-C7D8-13C7-8484-4AC65E1B71E8}
		{0FD34767-C342-4E1F-96C1-65B76B333123} = {02EA681E-C7D8-13C7-8484-4AC65E1B71E8}
		{D4CD11EE-E447-4007-9391-7C44B81C18A1} = {02EA681E-C7D8-13C7-8484-4AC65E1B71E8}
		{0D02E1BA-D8C2-4C7D-B34F-0433E045CEA7} = {02EA681E-C7D8-13C7-8484-4AC65E1B71E8}
		{C60C4CA3-3480-47BD-9371-A4D1E780BC69} = {8DC1321D-0DB2-4119-8A70-0F45164CA605}
		{24FDEC79-4A45-4823-885D-60A66AA351EA} = {8DC1321D-0DB2-4119-8A70-0F45164CA605}
		{B6A83B7E-201A-415F-AF67-18BE9254B5F6} = {0FD34767-C342-4E1F-96C1-65B76B333123}
		{A15AA921-B517-49A9-A254-2C12AEC4322C} = {0FD34767-C342-4E1F-96C1-65B76B333123}
		{6B252AF4-0C62-4847-A7C7-88585D44B751} = {0FD34767-C342-4E1F-96C1-65B76B333123}
		{439E41A3-B219-41D2-8AE3-6EBCB833F695} = {D4CD11EE-E447-4007-9391-7C44B81C18A1}
		{0054839C-DF83-44A2-B647-157DC15EEE03} = {D4CD11EE-E447-4007-9391-7C44B81C18A1}
		{D79DFC36-342C-47A2-B49B-333AE1C6B272} = {0D02E1BA-D8C2-4C7D-B34F-0433E045CEA7}
	EndGlobalSection
	GlobalSection(ExtensibilityGlobals) = postSolution
		SolutionGuid = {064DDD41-5348-483B-A092-3E9E2FD59A93}
	EndGlobalSection
EndGlobal
